
Microsoft Visual Studio Solution File, Format Version 12.00
# Visual Studio Version 16
VisualStudioVersion = 16.0.30114.105
MinimumVisualStudioVersion = 10.0.40219.1
Project("{2150E333-8FDC-42A3-9474-1A3956D46DE8}") = "Common", "Common", "{38FC9182-7888-4D6D-9119-4C5FD1C46E85}"
EndProject
Project("{9A19103F-16F7-4668-BE54-9A1E7A4F7556}") = "WeatherAcquisition.Domain", "Common\WeatherAcquisition.Domain\WeatherAcquisition.Domain.csproj", "{AC62DC97-03C7-4751-A1CA-1E7C9D8534CB}"
EndProject
Project("{9A19103F-16F7-4668-BE54-9A1E7A4F7556}") = "WeatherAcquisition.Domain.Base", "Common\WeatherAcquisition.Domain.Base\WeatherAcquisition.Domain.Base.csproj", "{FC0DED3D-6818-42B8-B7B6-63E78F918DD0}"
EndProject
Project("{2150E333-8FDC-42A3-9474-1A3956D46DE8}") = "Data", "Data", "{9B0F768E-5631-4167-848C-A3190B000C21}"
EndProject
Project("{9A19103F-16F7-4668-BE54-9A1E7A4F7556}") = "WeatherAcquisition.DAL", "Data\WeatherAcquisition.DAL\WeatherAcquisition.DAL.csproj", "{81678555-3A7A-43CA-8AEC-BEFE3066CC86}"
EndProject
Project("{9A19103F-16F7-4668-BE54-9A1E7A4F7556}") = "WeatherAcquisition.DAL.SqlServer", "Data\WeatherAcquisition.DAL.SqlServer\WeatherAcquisition.DAL.SqlServer.csproj", "{1B6821DA-E938-4D98-B67A-82B132426937}"
EndProject
Project("{2150E333-8FDC-42A3-9474-1A3956D46DE8}") = "Services", "Services", "{9EF4483D-8D2C-40D7-BE4A-5AC182839053}"
EndProject
Project("{9A19103F-16F7-4668-BE54-9A1E7A4F7556}") = "WeatherAcquisition.API", "Services\WeatherAcquisition.API\WeatherAcquisition.API.csproj", "{EA47CE60-EFEC-47FD-9071-1F9247919C7A}"
EndProject
Project("{9A19103F-16F7-4668-BE54-9A1E7A4F7556}") = "WeatherAcquisition.Interfaces", "Services\WeatherAcquisition.Interfaces\WeatherAcquisition.Interfaces.csproj", "{653B367C-70ED-4B46-BED1-FB22726A1767}"
EndProject
Project("{9A19103F-16F7-4668-BE54-9A1E7A4F7556}") = "WeatherAcquisition.Interfaces.Base", "Services\WeatherAcquisition.Interfaces.Base\WeatherAcquisition.Interfaces.Base.csproj", "{ED860E73-DB31-4579-9CEF-380C294A2891}"
EndProject
Project("{9A19103F-16F7-4668-BE54-9A1E7A4F7556}") = "WeatherAcquisition.WebAPIClients", "Services\WeatherAcquisition.WebAPIClients\WeatherAcquisition.WebAPIClients.csproj", "{F943A988-8851-468F-8EFF-299211737E3F}"
EndProject
Project("{2150E333-8FDC-42A3-9474-1A3956D46DE8}") = "UI", "UI", "{89B22311-5AC1-4043-BAF4-1B86172BF792}"
EndProject
Project("{9A19103F-16F7-4668-BE54-9A1E7A4F7556}") = "WeatherAcquisition.ConsoleUI", "UI\WeatherAcquisition.ConsoleUI\WeatherAcquisition.ConsoleUI.csproj", "{17106103-5CD1-4E2F-9892-4471A8FE260B}"
EndProject
Project("{9A19103F-16F7-4668-BE54-9A1E7A4F7556}") = "WeatherAcquisition.DAL.Entities", "Data\WeatherAcquisition.DAL.Entities\WeatherAcquisition.DAL.Entities.csproj", "{66D6AC8B-A038-4A5F-A9CF-C7EDAECC26AA}"
EndProject
Project("{9A19103F-16F7-4668-BE54-9A1E7A4F7556}") = "WeatherAcquisition.WPF", "WeatherAcquisition.WPF\WeatherAcquisition.WPF.csproj", "{BC55E7CD-8AAB-4702-82F4-E9FE1B01834A}"
EndProject
Project("{9A19103F-16F7-4668-BE54-9A1E7A4F7556}") = "WeatherAcquisition.BlazorUI", "WeatherAcquisition.BlazorUI\WeatherAcquisition.BlazorUI.csproj", "{01AD1E18-CE88-403A-A5A2-EB56701A345C}"
EndProject
Global
	GlobalSection(SolutionConfigurationPlatforms) = preSolution
		Debug|Any CPU = Debug|Any CPU
		Debug|x64 = Debug|x64
		Debug|x86 = Debug|x86
		Release|Any CPU = Release|Any CPU
		Release|x64 = Release|x64
		Release|x86 = Release|x86
	EndGlobalSection
	GlobalSection(ProjectConfigurationPlatforms) = postSolution
		{AC62DC97-03C7-4751-A1CA-1E7C9D8534CB}.Debug|Any CPU.ActiveCfg = Debug|Any CPU
		{AC62DC97-03C7-4751-A1CA-1E7C9D8534CB}.Debug|Any CPU.Build.0 = Debug|Any CPU
		{AC62DC97-03C7-4751-A1CA-1E7C9D8534CB}.Debug|x64.ActiveCfg = Debug|Any CPU
		{AC62DC97-03C7-4751-A1CA-1E7C9D8534CB}.Debug|x64.Build.0 = Debug|Any CPU
		{AC62DC97-03C7-4751-A1CA-1E7C9D8534CB}.Debug|x86.ActiveCfg = Debug|Any CPU
		{AC62DC97-03C7-4751-A1CA-1E7C9D8534CB}.Debug|x86.Build.0 = Debug|Any CPU
		{AC62DC97-03C7-4751-A1CA-1E7C9D8534CB}.Release|Any CPU.ActiveCfg = Release|Any CPU
		{AC62DC97-03C7-4751-A1CA-1E7C9D8534CB}.Release|Any CPU.Build.0 = Release|Any CPU
		{AC62DC97-03C7-4751-A1CA-1E7C9D8534CB}.Release|x64.ActiveCfg = Release|Any CPU
		{AC62DC97-03C7-4751-A1CA-1E7C9D8534CB}.Release|x64.Build.0 = Release|Any CPU
		{AC62DC97-03C7-4751-A1CA-1E7C9D8534CB}.Release|x86.ActiveCfg = Release|Any CPU
		{AC62DC97-03C7-4751-A1CA-1E7C9D8534CB}.Release|x86.Build.0 = Release|Any CPU
		{FC0DED3D-6818-42B8-B7B6-63E78F918DD0}.Debug|Any CPU.ActiveCfg = Debug|Any CPU
		{FC0DED3D-6818-42B8-B7B6-63E78F918DD0}.Debug|Any CPU.Build.0 = Debug|Any CPU
		{FC0DED3D-6818-42B8-B7B6-63E78F918DD0}.Debug|x64.ActiveCfg = Debug|Any CPU
		{FC0DED3D-6818-42B8-B7B6-63E78F918DD0}.Debug|x64.Build.0 = Debug|Any CPU
		{FC0DED3D-6818-42B8-B7B6-63E78F918DD0}.Debug|x86.ActiveCfg = Debug|Any CPU
		{FC0DED3D-6818-42B8-B7B6-63E78F918DD0}.Debug|x86.Build.0 = Debug|Any CPU
		{FC0DED3D-6818-42B8-B7B6-63E78F918DD0}.Release|Any CPU.ActiveCfg = Release|Any CPU
		{FC0DED3D-6818-42B8-B7B6-63E78F918DD0}.Release|Any CPU.Build.0 = Release|Any CPU
		{FC0DED3D-6818-42B8-B7B6-63E78F918DD0}.Release|x64.ActiveCfg = Release|Any CPU
		{FC0DED3D-6818-42B8-B7B6-63E78F918DD0}.Release|x64.Build.0 = Release|Any CPU
		{FC0DED3D-6818-42B8-B7B6-63E78F918DD0}.Release|x86.ActiveCfg = Release|Any CPU
		{FC0DED3D-6818-42B8-B7B6-63E78F918DD0}.Release|x86.Build.0 = Release|Any CPU
		{81678555-3A7A-43CA-8AEC-BEFE3066CC86}.Debug|Any CPU.ActiveCfg = Debug|Any CPU
		{81678555-3A7A-43CA-8AEC-BEFE3066CC86}.Debug|Any CPU.Build.0 = Debug|Any CPU
		{81678555-3A7A-43CA-8AEC-BEFE3066CC86}.Debug|x64.ActiveCfg = Debug|Any CPU
		{81678555-3A7A-43CA-8AEC-BEFE3066CC86}.Debug|x64.Build.0 = Debug|Any CPU
		{81678555-3A7A-43CA-8AEC-BEFE3066CC86}.Debug|x86.ActiveCfg = Debug|Any CPU
		{81678555-3A7A-43CA-8AEC-BEFE3066CC86}.Debug|x86.Build.0 = Debug|Any CPU
		{81678555-3A7A-43CA-8AEC-BEFE3066CC86}.Release|Any CPU.ActiveCfg = Release|Any CPU
		{81678555-3A7A-43CA-8AEC-BEFE3066CC86}.Release|Any CPU.Build.0 = Release|Any CPU
		{81678555-3A7A-43CA-8AEC-BEFE3066CC86}.Release|x64.ActiveCfg = Release|Any CPU
		{81678555-3A7A-43CA-8AEC-BEFE3066CC86}.Release|x64.Build.0 = Release|Any CPU
		{81678555-3A7A-43CA-8AEC-BEFE3066CC86}.Release|x86.ActiveCfg = Release|Any CPU
		{81678555-3A7A-43CA-8AEC-BEFE3066CC86}.Release|x86.Build.0 = Release|Any CPU
		{1B6821DA-E938-4D98-B67A-82B132426937}.Debug|Any CPU.ActiveCfg = Debug|Any CPU
		{1B6821DA-E938-4D98-B67A-82B132426937}.Debug|Any CPU.Build.0 = Debug|Any CPU
		{1B6821DA-E938-4D98-B67A-82B132426937}.Debug|x64.ActiveCfg = Debug|Any CPU
		{1B6821DA-E938-4D98-B67A-82B132426937}.Debug|x64.Build.0 = Debug|Any CPU
		{1B6821DA-E938-4D98-B67A-82B132426937}.Debug|x86.ActiveCfg = Debug|Any CPU
		{1B6821DA-E938-4D98-B67A-82B132426937}.Debug|x86.Build.0 = Debug|Any CPU
		{1B6821DA-E938-4D98-B67A-82B132426937}.Release|Any CPU.ActiveCfg = Release|Any CPU
		{1B6821DA-E938-4D98-B67A-82B132426937}.Release|Any CPU.Build.0 = Release|Any CPU
		{1B6821DA-E938-4D98-B67A-82B132426937}.Release|x64.ActiveCfg = Release|Any CPU
		{1B6821DA-E938-4D98-B67A-82B132426937}.Release|x64.Build.0 = Release|Any CPU
		{1B6821DA-E938-4D98-B67A-82B132426937}.Release|x86.ActiveCfg = Release|Any CPU
		{1B6821DA-E938-4D98-B67A-82B132426937}.Release|x86.Build.0 = Release|Any CPU
		{EA47CE60-EFEC-47FD-9071-1F9247919C7A}.Debug|Any CPU.ActiveCfg = Debug|Any CPU
		{EA47CE60-EFEC-47FD-9071-1F9247919C7A}.Debug|Any CPU.Build.0 = Debug|Any CPU
		{EA47CE60-EFEC-47FD-9071-1F9247919C7A}.Debug|x64.ActiveCfg = Debug|Any CPU
		{EA47CE60-EFEC-47FD-9071-1F9247919C7A}.Debug|x64.Build.0 = Debug|Any CPU
		{EA47CE60-EFEC-47FD-9071-1F9247919C7A}.Debug|x86.ActiveCfg = Debug|Any CPU
		{EA47CE60-EFEC-47FD-9071-1F9247919C7A}.Debug|x86.Build.0 = Debug|Any CPU
		{EA47CE60-EFEC-47FD-9071-1F9247919C7A}.Release|Any CPU.ActiveCfg = Release|Any CPU
		{EA47CE60-EFEC-47FD-9071-1F9247919C7A}.Release|Any CPU.Build.0 = Release|Any CPU
		{EA47CE60-EFEC-47FD-9071-1F9247919C7A}.Release|x64.ActiveCfg = Release|Any CPU
		{EA47CE60-EFEC-47FD-9071-1F9247919C7A}.Release|x64.Build.0 = Release|Any CPU
		{EA47CE60-EFEC-47FD-9071-1F9247919C7A}.Release|x86.ActiveCfg = Release|Any CPU
		{EA47CE60-EFEC-47FD-9071-1F9247919C7A}.Release|x86.Build.0 = Release|Any CPU
		{653B367C-70ED-4B46-BED1-FB22726A1767}.Debug|Any CPU.ActiveCfg = Debug|Any CPU
		{653B367C-70ED-4B46-BED1-FB22726A1767}.Debug|Any CPU.Build.0 = Debug|Any CPU
		{653B367C-70ED-4B46-BED1-FB22726A1767}.Debug|x64.ActiveCfg = Debug|Any CPU
		{653B367C-70ED-4B46-BED1-FB22726A1767}.Debug|x64.Build.0 = Debug|Any CPU
		{653B367C-70ED-4B46-BED1-FB22726A1767}.Debug|x86.ActiveCfg = Debug|Any CPU
		{653B367C-70ED-4B46-BED1-FB22726A1767}.Debug|x86.Build.0 = Debug|Any CPU
		{653B367C-70ED-4B46-BED1-FB22726A1767}.Release|Any CPU.ActiveCfg = Release|Any CPU
		{653B367C-70ED-4B46-BED1-FB22726A1767}.Release|Any CPU.Build.0 = Release|Any CPU
		{653B367C-70ED-4B46-BED1-FB22726A1767}.Release|x64.ActiveCfg = Release|Any CPU
		{653B367C-70ED-4B46-BED1-FB22726A1767}.Release|x64.Build.0 = Release|Any CPU
		{653B367C-70ED-4B46-BED1-FB22726A1767}.Release|x86.ActiveCfg = Release|Any CPU
		{653B367C-70ED-4B46-BED1-FB22726A1767}.Release|x86.Build.0 = Release|Any CPU
		{ED860E73-DB31-4579-9CEF-380C294A2891}.Debug|Any CPU.ActiveCfg = Debug|Any CPU
		{ED860E73-DB31-4579-9CEF-380C294A2891}.Debug|Any CPU.Build.0 = Debug|Any CPU
		{ED860E73-DB31-4579-9CEF-380C294A2891}.Debug|x64.ActiveCfg = Debug|Any CPU
		{ED860E73-DB31-4579-9CEF-380C294A2891}.Debug|x64.Build.0 = Debug|Any CPU
		{ED860E73-DB31-4579-9CEF-380C294A2891}.Debug|x86.ActiveCfg = Debug|Any CPU
		{ED860E73-DB31-4579-9CEF-380C294A2891}.Debug|x86.Build.0 = Debug|Any CPU
		{ED860E73-DB31-4579-9CEF-380C294A2891}.Release|Any CPU.ActiveCfg = Release|Any CPU
		{ED860E73-DB31-4579-9CEF-380C294A2891}.Release|Any CPU.Build.0 = Release|Any CPU
		{ED860E73-DB31-4579-9CEF-380C294A2891}.Release|x64.ActiveCfg = Release|Any CPU
		{ED860E73-DB31-4579-9CEF-380C294A2891}.Release|x64.Build.0 = Release|Any CPU
		{ED860E73-DB31-4579-9CEF-380C294A2891}.Release|x86.ActiveCfg = Release|Any CPU
		{ED860E73-DB31-4579-9CEF-380C294A2891}.Release|x86.Build.0 = Release|Any CPU
		{F943A988-8851-468F-8EFF-299211737E3F}.Debug|Any CPU.ActiveCfg = Debug|Any CPU
		{F943A988-8851-468F-8EFF-299211737E3F}.Debug|Any CPU.Build.0 = Debug|Any CPU
		{F943A988-8851-468F-8EFF-299211737E3F}.Debug|x64.ActiveCfg = Debug|Any CPU
		{F943A988-8851-468F-8EFF-299211737E3F}.Debug|x64.Build.0 = Debug|Any CPU
		{F943A988-8851-468F-8EFF-299211737E3F}.Debug|x86.ActiveCfg = Debug|Any CPU
		{F943A988-8851-468F-8EFF-299211737E3F}.Debug|x86.Build.0 = Debug|Any CPU
		{F943A988-8851-468F-8EFF-299211737E3F}.Release|Any CPU.ActiveCfg = Release|Any CPU
		{F943A988-8851-468F-8EFF-299211737E3F}.Release|Any CPU.Build.0 = Release|Any CPU
		{F943A988-8851-468F-8EFF-299211737E3F}.Release|x64.ActiveCfg = Release|Any CPU
		{F943A988-8851-468F-8EFF-299211737E3F}.Release|x64.Build.0 = Release|Any CPU
		{F943A988-8851-468F-8EFF-299211737E3F}.Release|x86.ActiveCfg = Release|Any CPU
		{F943A988-8851-468F-8EFF-299211737E3F}.Release|x86.Build.0 = Release|Any CPU
		{17106103-5CD1-4E2F-9892-4471A8FE260B}.Debug|Any CPU.ActiveCfg = Debug|Any CPU
		{17106103-5CD1-4E2F-9892-4471A8FE260B}.Debug|Any CPU.Build.0 = Debug|Any CPU
		{17106103-5CD1-4E2F-9892-4471A8FE260B}.Debug|x64.ActiveCfg = Debug|Any CPU
		{17106103-5CD1-4E2F-9892-4471A8FE260B}.Debug|x64.Build.0 = Debug|Any CPU
		{17106103-5CD1-4E2F-9892-4471A8FE260B}.Debug|x86.ActiveCfg = Debug|Any CPU
		{17106103-5CD1-4E2F-9892-4471A8FE260B}.Debug|x86.Build.0 = Debug|Any CPU
		{17106103-5CD1-4E2F-9892-4471A8FE260B}.Release|Any CPU.ActiveCfg = Release|Any CPU
		{17106103-5CD1-4E2F-9892-4471A8FE260B}.Release|Any CPU.Build.0 = Release|Any CPU
		{17106103-5CD1-4E2F-9892-4471A8FE260B}.Release|x64.ActiveCfg = Release|Any CPU
		{17106103-5CD1-4E2F-9892-4471A8FE260B}.Release|x64.Build.0 = Release|Any CPU
		{17106103-5CD1-4E2F-9892-4471A8FE260B}.Release|x86.ActiveCfg = Release|Any CPU
		{17106103-5CD1-4E2F-9892-4471A8FE260B}.Release|x86.Build.0 = Release|Any CPU
		{66D6AC8B-A038-4A5F-A9CF-C7EDAECC26AA}.Debug|Any CPU.ActiveCfg = Debug|Any CPU
		{66D6AC8B-A038-4A5F-A9CF-C7EDAECC26AA}.Debug|Any CPU.Build.0 = Debug|Any CPU
		{66D6AC8B-A038-4A5F-A9CF-C7EDAECC26AA}.Debug|x64.ActiveCfg = Debug|Any CPU
		{66D6AC8B-A038-4A5F-A9CF-C7EDAECC26AA}.Debug|x64.Build.0 = Debug|Any CPU
		{66D6AC8B-A038-4A5F-A9CF-C7EDAECC26AA}.Debug|x86.ActiveCfg = Debug|Any CPU
		{66D6AC8B-A038-4A5F-A9CF-C7EDAECC26AA}.Debug|x86.Build.0 = Debug|Any CPU
		{66D6AC8B-A038-4A5F-A9CF-C7EDAECC26AA}.Release|Any CPU.ActiveCfg = Release|Any CPU
		{66D6AC8B-A038-4A5F-A9CF-C7EDAECC26AA}.Release|Any CPU.Build.0 = Release|Any CPU
		{66D6AC8B-A038-4A5F-A9CF-C7EDAECC26AA}.Release|x64.ActiveCfg = Release|Any CPU
		{66D6AC8B-A038-4A5F-A9CF-C7EDAECC26AA}.Release|x64.Build.0 = Release|Any CPU
		{66D6AC8B-A038-4A5F-A9CF-C7EDAECC26AA}.Release|x86.ActiveCfg = Release|Any CPU
		{66D6AC8B-A038-4A5F-A9CF-C7EDAECC26AA}.Release|x86.Build.0 = Release|Any CPU
		{BC55E7CD-8AAB-4702-82F4-E9FE1B01834A}.Debug|Any CPU.ActiveCfg = Debug|Any CPU
		{BC55E7CD-8AAB-4702-82F4-E9FE1B01834A}.Debug|Any CPU.Build.0 = Debug|Any CPU
		{BC55E7CD-8AAB-4702-82F4-E9FE1B01834A}.Debug|x64.ActiveCfg = Debug|Any CPU
		{BC55E7CD-8AAB-4702-82F4-E9FE1B01834A}.Debug|x64.Build.0 = Debug|Any CPU
		{BC55E7CD-8AAB-4702-82F4-E9FE1B01834A}.Debug|x86.ActiveCfg = Debug|Any CPU
		{BC55E7CD-8AAB-4702-82F4-E9FE1B01834A}.Debug|x86.Build.0 = Debug|Any CPU
		{BC55E7CD-8AAB-4702-82F4-E9FE1B01834A}.Release|Any CPU.ActiveCfg = Release|Any CPU
		{BC55E7CD-8AAB-4702-82F4-E9FE1B01834A}.Release|Any CPU.Build.0 = Release|Any CPU
		{BC55E7CD-8AAB-4702-82F4-E9FE1B01834A}.Release|x64.ActiveCfg = Release|Any CPU
		{BC55E7CD-8AAB-4702-82F4-E9FE1B01834A}.Release|x64.Build.0 = Release|Any CPU
		{BC55E7CD-8AAB-4702-82F4-E9FE1B01834A}.Release|x86.ActiveCfg = Release|Any CPU
		{BC55E7CD-8AAB-4702-82F4-E9FE1B01834A}.Release|x86.Build.0 = Release|Any CPU
		{01AD1E18-CE88-403A-A5A2-EB56701A345C}.Debug|Any CPU.ActiveCfg = Debug|Any CPU
		{01AD1E18-CE88-403A-A5A2-EB56701A345C}.Debug|Any CPU.Build.0 = Debug|Any CPU
		{01AD1E18-CE88-403A-A5A2-EB56701A345C}.Debug|x64.ActiveCfg = Debug|Any CPU
		{01AD1E18-CE88-403A-A5A2-EB56701A345C}.Debug|x64.Build.0 = Debug|Any CPU
		{01AD1E18-CE88-403A-A5A2-EB56701A345C}.Debug|x86.ActiveCfg = Debug|Any CPU
		{01AD1E18-CE88-403A-A5A2-EB56701A345C}.Debug|x86.Build.0 = Debug|Any CPU
		{01AD1E18-CE88-403A-A5A2-EB56701A345C}.Release|Any CPU.ActiveCfg = Release|Any CPU
		{01AD1E18-CE88-403A-A5A2-EB56701A345C}.Release|Any CPU.Build.0 = Release|Any CPU
		{01AD1E18-CE88-403A-A5A2-EB56701A345C}.Release|x64.ActiveCfg = Release|Any CPU
		{01AD1E18-CE88-403A-A5A2-EB56701A345C}.Release|x64.Build.0 = Release|Any CPU
		{01AD1E18-CE88-403A-A5A2-EB56701A345C}.Release|x86.ActiveCfg = Release|Any CPU
		{01AD1E18-CE88-403A-A5A2-EB56701A345C}.Release|x86.Build.0 = Release|Any CPU
	EndGlobalSection
	GlobalSection(SolutionProperties) = preSolution
		HideSolutionNode = FALSE
	EndGlobalSection
	GlobalSection(NestedProjects) = preSolution
		{AC62DC97-03C7-4751-A1CA-1E7C9D8534CB} = {38FC9182-7888-4D6D-9119-4C5FD1C46E85}
		{FC0DED3D-6818-42B8-B7B6-63E78F918DD0} = {38FC9182-7888-4D6D-9119-4C5FD1C46E85}
		{81678555-3A7A-43CA-8AEC-BEFE3066CC86} = {9B0F768E-5631-4167-848C-A3190B000C21}
		{1B6821DA-E938-4D98-B67A-82B132426937} = {9B0F768E-5631-4167-848C-A3190B000C21}
		{EA47CE60-EFEC-47FD-9071-1F9247919C7A} = {9EF4483D-8D2C-40D7-BE4A-5AC182839053}
		{653B367C-70ED-4B46-BED1-FB22726A1767} = {9EF4483D-8D2C-40D7-BE4A-5AC182839053}
		{ED860E73-DB31-4579-9CEF-380C294A2891} = {9EF4483D-8D2C-40D7-BE4A-5AC182839053}
		{F943A988-8851-468F-8EFF-299211737E3F} = {9EF4483D-8D2C-40D7-BE4A-5AC182839053}
		{17106103-5CD1-4E2F-9892-4471A8FE260B} = {89B22311-5AC1-4043-BAF4-1B86172BF792}
		{66D6AC8B-A038-4A5F-A9CF-C7EDAECC26AA} = {9B0F768E-5631-4167-848C-A3190B000C21}
		{BC55E7CD-8AAB-4702-82F4-E9FE1B01834A} = {89B22311-5AC1-4043-BAF4-1B86172BF792}
		{01AD1E18-CE88-403A-A5A2-EB56701A345C} = {89B22311-5AC1-4043-BAF4-1B86172BF792}
	EndGlobalSection
	GlobalSection(ExtensibilityGlobals) = postSolution
		SolutionGuid = {93D1BB7A-FA0B-4DBA-9A8A-EEA0A7DFA3CF}
	EndGlobalSection
EndGlobal
